
Microsoft Visual Studio Solution File, Format Version 12.00
# Visual Studio Version 17
VisualStudioVersion = 17.14.36623.8 d17.14
MinimumVisualStudioVersion = 10.0.40219.1
Project("{FAE04EC0-301F-11D3-BF4B-00C04F79EFBC}") = "PSSC", "PSSC\PSSC.csproj", "{E5440B54-8DF4-4829-B65E-4A19EECF7D9E}"
EndProject
Global
	GlobalSection(SolutionConfigurationPlatforms) = preSolution
		Debug|Any CPU = Debug|Any CPU
		Release|Any CPU = Release|Any CPU
	EndGlobalSection
	GlobalSection(ProjectConfigurationPlatforms) = postSolution
		{E5440B54-8DF4-4829-B65E-4A19EECF7D9E}.Debug|Any CPU.ActiveCfg = Debug|Any CPU
		{E5440B54-8DF4-4829-B65E-4A19EECF7D9E}.Debug|Any CPU.Build.0 = Debug|Any CPU
		{E5440B54-8DF4-4829-B65E-4A19EECF7D9E}.Release|Any CPU.ActiveCfg = Release|Any CPU
		{E5440B54-8DF4-4829-B65E-4A19EECF7D9E}.Release|Any CPU.Build.0 = Release|Any CPU
	EndGlobalSection
	GlobalSection(SolutionProperties) = preSolution
		HideSolutionNode = FALSE
	EndGlobalSection
	GlobalSection(ExtensibilityGlobals) = postSolution
		SolutionGuid = {F868128B-C118-404B-9E48-C7908A1F3E9A}
	EndGlobalSection
EndGlobal
